
Microsoft Visual Studio Solution File, Format Version 12.00
# Visual Studio 14
VisualStudioVersion = 14.0.25420.1
MinimumVisualStudioVersion = 10.0.40219.1
Project("{F184B08F-C81C-45F6-A57F-5ABD9991F28F}") = "PMD Blue S and Q Route Helper", "PMD Blue S and Q Route Helper\PMD Blue S and Q Route Helper.vbproj", "{26E5AEA3-20BE-4154-9AB5-31E13E017C5E}"
EndProject
Global
	GlobalSection(SolutionConfigurationPlatforms) = preSolution
		Debug|Any CPU = Debug|Any CPU
		Release|Any CPU = Release|Any CPU
	EndGlobalSection
	GlobalSection(ProjectConfigurationPlatforms) = postSolution
		{26E5AEA3-20BE-4154-9AB5-31E13E017C5E}.Debug|Any CPU.ActiveCfg = Debug|Any CPU
		{26E5AEA3-20BE-4154-9AB5-31E13E017C5E}.Debug|Any CPU.Build.0 = Debug|Any CPU
		{26E5AEA3-20BE-4154-9AB5-31E13E017C5E}.Release|Any CPU.ActiveCfg = Release|Any CPU
		{26E5AEA3-20BE-4154-9AB5-31E13E017C5E}.Release|Any CPU.Build.0 = Release|Any CPU
	EndGlobalSection
	GlobalSection(SolutionProperties) = preSolution
		HideSolutionNode = FALSE
	EndGlobalSection
EndGlobal
